// !$*UTF8*$!
{
	archiveVersion = 1;
	classes = {
	};
	objectVersion = 50;
	objects = {

/* Begin PBXBuildFile section */
		1D7F3DF5B22C67A945FEE1C1 /* libPods-StudentLiving.a in Frameworks */ = {isa = PBXBuildFile; fileRef = 451BB83077590603EBA89E2B /* libPods-StudentLiving.a */; };
		474EC70E277D62522E7E61A4 /* libPods-StudentLivingUITests.a in Frameworks */ = {isa = PBXBuildFile; fileRef = 04991ADF6D10C38ED7000109 /* libPods-StudentLivingUITests.a */; };
		7167332D2113AB000044F2E7 /* AppDelegate.swift in Sources */ = {isa = PBXBuildFile; fileRef = 7167332C2113AB000044F2E7 /* AppDelegate.swift */; };
		7167332F2113AB000044F2E7 /* ViewController.swift in Sources */ = {isa = PBXBuildFile; fileRef = 7167332E2113AB000044F2E7 /* ViewController.swift */; };
		716733322113AB000044F2E7 /* Main.storyboard in Resources */ = {isa = PBXBuildFile; fileRef = 716733302113AB000044F2E7 /* Main.storyboard */; };
		716733342113AB250044F2E7 /* Assets.xcassets in Resources */ = {isa = PBXBuildFile; fileRef = 716733332113AB250044F2E7 /* Assets.xcassets */; };
		716733372113AB250044F2E7 /* LaunchScreen.storyboard in Resources */ = {isa = PBXBuildFile; fileRef = 716733352113AB250044F2E7 /* LaunchScreen.storyboard */; };
		716733422113AB270044F2E7 /* StudentLivingTests.swift in Sources */ = {isa = PBXBuildFile; fileRef = 716733412113AB270044F2E7 /* StudentLivingTests.swift */; };
		7167334D2113AB270044F2E7 /* StudentLivingUITests.swift in Sources */ = {isa = PBXBuildFile; fileRef = 7167334C2113AB270044F2E7 /* StudentLivingUITests.swift */; };
		71CAB635211A47EE00D69511 /* LoginController.swift in Sources */ = {isa = PBXBuildFile; fileRef = 71CAB634211A47EE00D69511 /* LoginController.swift */; };
		71F9E419211CCD08008CD734 /* GoogleService-Info.plist in Resources */ = {isa = PBXBuildFile; fileRef = 71F9E418211CCD08008CD734 /* GoogleService-Info.plist */; };
		F6917C556F489BACA5B44B8C /* libPods-StudentLivingTests.a in Frameworks */ = {isa = PBXBuildFile; fileRef = A7FFA9A3F6B42322BF675BDE /* libPods-StudentLivingTests.a */; };
/* End PBXBuildFile section */

/* Begin PBXContainerItemProxy section */
		7167333E2113AB260044F2E7 /* PBXContainerItemProxy */ = {
			isa = PBXContainerItemProxy;
			containerPortal = 716733212113AAFE0044F2E7 /* Project object */;
			proxyType = 1;
			remoteGlobalIDString = 716733282113AAFF0044F2E7;
			remoteInfo = StudentLiving;
		};
		716733492113AB270044F2E7 /* PBXContainerItemProxy */ = {
			isa = PBXContainerItemProxy;
			containerPortal = 716733212113AAFE0044F2E7 /* Project object */;
			proxyType = 1;
			remoteGlobalIDString = 716733282113AAFF0044F2E7;
			remoteInfo = StudentLiving;
		};
/* End PBXContainerItemProxy section */

/* Begin PBXFileReference section */
		04991ADF6D10C38ED7000109 /* libPods-StudentLivingUITests.a */ = {isa = PBXFileReference; explicitFileType = archive.ar; includeInIndex = 0; path = "libPods-StudentLivingUITests.a"; sourceTree = BUILT_PRODUCTS_DIR; };
		35B2D422DF55729D7A6AE693 /* Pods-StudentLivingUITests.release.xcconfig */ = {isa = PBXFileReference; includeInIndex = 1; lastKnownFileType = text.xcconfig; name = "Pods-StudentLivingUITests.release.xcconfig"; path = "Pods/Target Support Files/Pods-StudentLivingUITests/Pods-StudentLivingUITests.release.xcconfig"; sourceTree = "<group>"; };
		451BB83077590603EBA89E2B /* libPods-StudentLiving.a */ = {isa = PBXFileReference; explicitFileType = archive.ar; includeInIndex = 0; path = "libPods-StudentLiving.a"; sourceTree = BUILT_PRODUCTS_DIR; };
		716733292113AAFF0044F2E7 /* StudentLiving.app */ = {isa = PBXFileReference; explicitFileType = wrapper.application; includeInIndex = 0; path = StudentLiving.app; sourceTree = BUILT_PRODUCTS_DIR; };
		7167332C2113AB000044F2E7 /* AppDelegate.swift */ = {isa = PBXFileReference; lastKnownFileType = sourcecode.swift; path = AppDelegate.swift; sourceTree = "<group>"; };
		7167332E2113AB000044F2E7 /* ViewController.swift */ = {isa = PBXFileReference; lastKnownFileType = sourcecode.swift; path = ViewController.swift; sourceTree = "<group>"; };
		716733312113AB000044F2E7 /* Base */ = {isa = PBXFileReference; lastKnownFileType = file.storyboard; name = Base; path = Base.lproj/Main.storyboard; sourceTree = "<group>"; };
		716733332113AB250044F2E7 /* Assets.xcassets */ = {isa = PBXFileReference; lastKnownFileType = folder.assetcatalog; path = Assets.xcassets; sourceTree = "<group>"; };
		716733362113AB250044F2E7 /* Base */ = {isa = PBXFileReference; lastKnownFileType = file.storyboard; name = Base; path = Base.lproj/LaunchScreen.storyboard; sourceTree = "<group>"; };
		716733382113AB250044F2E7 /* Info.plist */ = {isa = PBXFileReference; lastKnownFileType = text.plist.xml; path = Info.plist; sourceTree = "<group>"; };
		7167333D2113AB260044F2E7 /* StudentLivingTests.xctest */ = {isa = PBXFileReference; explicitFileType = wrapper.cfbundle; includeInIndex = 0; path = StudentLivingTests.xctest; sourceTree = BUILT_PRODUCTS_DIR; };
		716733412113AB270044F2E7 /* StudentLivingTests.swift */ = {isa = PBXFileReference; lastKnownFileType = sourcecode.swift; path = StudentLivingTests.swift; sourceTree = "<group>"; };
		716733432113AB270044F2E7 /* Info.plist */ = {isa = PBXFileReference; lastKnownFileType = text.plist.xml; path = Info.plist; sourceTree = "<group>"; };
		716733482113AB270044F2E7 /* StudentLivingUITests.xctest */ = {isa = PBXFileReference; explicitFileType = wrapper.cfbundle; includeInIndex = 0; path = StudentLivingUITests.xctest; sourceTree = BUILT_PRODUCTS_DIR; };
		7167334C2113AB270044F2E7 /* StudentLivingUITests.swift */ = {isa = PBXFileReference; lastKnownFileType = sourcecode.swift; path = StudentLivingUITests.swift; sourceTree = "<group>"; };
		7167334E2113AB270044F2E7 /* Info.plist */ = {isa = PBXFileReference; lastKnownFileType = text.plist.xml; path = Info.plist; sourceTree = "<group>"; };
		71CAB634211A47EE00D69511 /* LoginController.swift */ = {isa = PBXFileReference; lastKnownFileType = sourcecode.swift; path = LoginController.swift; sourceTree = "<group>"; };
		71F9E418211CCD08008CD734 /* GoogleService-Info.plist */ = {isa = PBXFileReference; fileEncoding = 4; lastKnownFileType = text.plist.xml; path = "GoogleService-Info.plist"; sourceTree = "<group>"; };
		73A8441056AE50ADDE31BCB5 /* Pods-StudentLiving.release.xcconfig */ = {isa = PBXFileReference; includeInIndex = 1; lastKnownFileType = text.xcconfig; name = "Pods-StudentLiving.release.xcconfig"; path = "Pods/Target Support Files/Pods-StudentLiving/Pods-StudentLiving.release.xcconfig"; sourceTree = "<group>"; };
		A7FFA9A3F6B42322BF675BDE /* libPods-StudentLivingTests.a */ = {isa = PBXFileReference; explicitFileType = archive.ar; includeInIndex = 0; path = "libPods-StudentLivingTests.a"; sourceTree = BUILT_PRODUCTS_DIR; };
		B43C1A578BEBF78AD5D0A5B7 /* Pods-StudentLivingTests.release.xcconfig */ = {isa = PBXFileReference; includeInIndex = 1; lastKnownFileType = text.xcconfig; name = "Pods-StudentLivingTests.release.xcconfig"; path = "Pods/Target Support Files/Pods-StudentLivingTests/Pods-StudentLivingTests.release.xcconfig"; sourceTree = "<group>"; };
		BA1757BBC22026C4E6297B9C /* Pods-StudentLiving.debug.xcconfig */ = {isa = PBXFileReference; includeInIndex = 1; lastKnownFileType = text.xcconfig; name = "Pods-StudentLiving.debug.xcconfig"; path = "Pods/Target Support Files/Pods-StudentLiving/Pods-StudentLiving.debug.xcconfig"; sourceTree = "<group>"; };
		BCAF52816A2AD3568F0AAB02 /* Pods-StudentLivingUITests.debug.xcconfig */ = {isa = PBXFileReference; includeInIndex = 1; lastKnownFileType = text.xcconfig; name = "Pods-StudentLivingUITests.debug.xcconfig"; path = "Pods/Target Support Files/Pods-StudentLivingUITests/Pods-StudentLivingUITests.debug.xcconfig"; sourceTree = "<group>"; };
		FE901E34196EB0420FA08852 /* Pods-StudentLivingTests.debug.xcconfig */ = {isa = PBXFileReference; includeInIndex = 1; lastKnownFileType = text.xcconfig; name = "Pods-StudentLivingTests.debug.xcconfig"; path = "Pods/Target Support Files/Pods-StudentLivingTests/Pods-StudentLivingTests.debug.xcconfig"; sourceTree = "<group>"; };
/* End PBXFileReference section */

/* Begin PBXFrameworksBuildPhase section */
		716733262113AAFF0044F2E7 /* Frameworks */ = {
			isa = PBXFrameworksBuildPhase;
			buildActionMask = 2147483647;
			files = (
				1D7F3DF5B22C67A945FEE1C1 /* libPods-StudentLiving.a in Frameworks */,
			);
			runOnlyForDeploymentPostprocessing = 0;
		};
		7167333A2113AB260044F2E7 /* Frameworks */ = {
			isa = PBXFrameworksBuildPhase;
			buildActionMask = 2147483647;
			files = (
				F6917C556F489BACA5B44B8C /* libPods-StudentLivingTests.a in Frameworks */,
			);
			runOnlyForDeploymentPostprocessing = 0;
		};
		716733452113AB270044F2E7 /* Frameworks */ = {
			isa = PBXFrameworksBuildPhase;
			buildActionMask = 2147483647;
			files = (
				474EC70E277D62522E7E61A4 /* libPods-StudentLivingUITests.a in Frameworks */,
			);
			runOnlyForDeploymentPostprocessing = 0;
		};
/* End PBXFrameworksBuildPhase section */

/* Begin PBXGroup section */
		0673502A08C4A8DDE0C3EA8D /* Frameworks */ = {
			isa = PBXGroup;
			children = (
				451BB83077590603EBA89E2B /* libPods-StudentLiving.a */,
				A7FFA9A3F6B42322BF675BDE /* libPods-StudentLivingTests.a */,
				04991ADF6D10C38ED7000109 /* libPods-StudentLivingUITests.a */,
				71F9E418211CCD08008CD734 /* GoogleService-Info.plist */,
			);
			name = Frameworks;
			sourceTree = "<group>";
		};
		1BDAEFE21A1BE46A695020DA /* Pods */ = {
			isa = PBXGroup;
			children = (
				BA1757BBC22026C4E6297B9C /* Pods-StudentLiving.debug.xcconfig */,
				73A8441056AE50ADDE31BCB5 /* Pods-StudentLiving.release.xcconfig */,
				FE901E34196EB0420FA08852 /* Pods-StudentLivingTests.debug.xcconfig */,
				B43C1A578BEBF78AD5D0A5B7 /* Pods-StudentLivingTests.release.xcconfig */,
				BCAF52816A2AD3568F0AAB02 /* Pods-StudentLivingUITests.debug.xcconfig */,
				35B2D422DF55729D7A6AE693 /* Pods-StudentLivingUITests.release.xcconfig */,
			);
			name = Pods;
			sourceTree = "<group>";
		};
		716733202113AAFE0044F2E7 = {
			isa = PBXGroup;
			children = (
				7167332B2113AAFF0044F2E7 /* StudentLiving */,
				716733402113AB270044F2E7 /* StudentLivingTests */,
				7167334B2113AB270044F2E7 /* StudentLivingUITests */,
				7167332A2113AAFF0044F2E7 /* Products */,
				1BDAEFE21A1BE46A695020DA /* Pods */,
				0673502A08C4A8DDE0C3EA8D /* Frameworks */,
			);
			sourceTree = "<group>";
		};
		7167332A2113AAFF0044F2E7 /* Products */ = {
			isa = PBXGroup;
			children = (
				716733292113AAFF0044F2E7 /* StudentLiving.app */,
				7167333D2113AB260044F2E7 /* StudentLivingTests.xctest */,
				716733482113AB270044F2E7 /* StudentLivingUITests.xctest */,
			);
			name = Products;
			sourceTree = "<group>";
		};
		7167332B2113AAFF0044F2E7 /* StudentLiving */ = {
			isa = PBXGroup;
			children = (
				7167335D211A45080044F2E7 /* View */,
				7167335C211A44CE0044F2E7 /* Model */,
				7167335A211A44B60044F2E7 /* Controller */,
				7167332C2113AB000044F2E7 /* AppDelegate.swift */,
				716733302113AB000044F2E7 /* Main.storyboard */,
				716733332113AB250044F2E7 /* Assets.xcassets */,
				716733352113AB250044F2E7 /* LaunchScreen.storyboard */,
				716733382113AB250044F2E7 /* Info.plist */,
			);
			path = StudentLiving;
			sourceTree = "<group>";
		};
		716733402113AB270044F2E7 /* StudentLivingTests */ = {
			isa = PBXGroup;
			children = (
				716733412113AB270044F2E7 /* StudentLivingTests.swift */,
				716733432113AB270044F2E7 /* Info.plist */,
			);
			path = StudentLivingTests;
			sourceTree = "<group>";
		};
		7167334B2113AB270044F2E7 /* StudentLivingUITests */ = {
			isa = PBXGroup;
			children = (
				7167334C2113AB270044F2E7 /* StudentLivingUITests.swift */,
				7167334E2113AB270044F2E7 /* Info.plist */,
			);
			path = StudentLivingUITests;
			sourceTree = "<group>";
		};
		7167335A211A44B60044F2E7 /* Controller */ = {
			isa = PBXGroup;
			children = (
				7167332E2113AB000044F2E7 /* ViewController.swift */,
				71CAB634211A47EE00D69511 /* LoginController.swift */,
			);
			path = Controller;
			sourceTree = "<group>";
		};
		7167335C211A44CE0044F2E7 /* Model */ = {
			isa = PBXGroup;
			children = (
			);
			path = Model;
			sourceTree = "<group>";
		};
		7167335D211A45080044F2E7 /* View */ = {
			isa = PBXGroup;
			children = (
			);
			path = View;
			sourceTree = "<group>";
		};
/* End PBXGroup section */

/* Begin PBXNativeTarget section */
		716733282113AAFF0044F2E7 /* StudentLiving */ = {
			isa = PBXNativeTarget;
			buildConfigurationList = 716733512113AB270044F2E7 /* Build configuration list for PBXNativeTarget "StudentLiving" */;
			buildPhases = (
				1CDF196604A3F69716311B01 /* [CP] Check Pods Manifest.lock */,
				716733252113AAFF0044F2E7 /* Sources */,
				716733262113AAFF0044F2E7 /* Frameworks */,
				716733272113AAFF0044F2E7 /* Resources */,
			);
			buildRules = (
			);
			dependencies = (
			);
			name = StudentLiving;
			productName = StudentLiving;
			productReference = 716733292113AAFF0044F2E7 /* StudentLiving.app */;
			productType = "com.apple.product-type.application";
		};
		7167333C2113AB260044F2E7 /* StudentLivingTests */ = {
			isa = PBXNativeTarget;
			buildConfigurationList = 716733542113AB270044F2E7 /* Build configuration list for PBXNativeTarget "StudentLivingTests" */;
			buildPhases = (
				5AF53D2D89239E231C9B14CC /* [CP] Check Pods Manifest.lock */,
				716733392113AB260044F2E7 /* Sources */,
				7167333A2113AB260044F2E7 /* Frameworks */,
				7167333B2113AB260044F2E7 /* Resources */,
			);
			buildRules = (
			);
			dependencies = (
				7167333F2113AB260044F2E7 /* PBXTargetDependency */,
			);
			name = StudentLivingTests;
			productName = StudentLivingTests;
			productReference = 7167333D2113AB260044F2E7 /* StudentLivingTests.xctest */;
			productType = "com.apple.product-type.bundle.unit-test";
		};
		716733472113AB270044F2E7 /* StudentLivingUITests */ = {
			isa = PBXNativeTarget;
			buildConfigurationList = 716733572113AB270044F2E7 /* Build configuration list for PBXNativeTarget "StudentLivingUITests" */;
			buildPhases = (
				C45BF024C41F1104484C9D9F /* [CP] Check Pods Manifest.lock */,
				716733442113AB270044F2E7 /* Sources */,
				716733452113AB270044F2E7 /* Frameworks */,
				716733462113AB270044F2E7 /* Resources */,
			);
			buildRules = (
			);
			dependencies = (
				7167334A2113AB270044F2E7 /* PBXTargetDependency */,
			);
			name = StudentLivingUITests;
			productName = StudentLivingUITests;
			productReference = 716733482113AB270044F2E7 /* StudentLivingUITests.xctest */;
			productType = "com.apple.product-type.bundle.ui-testing";
		};
/* End PBXNativeTarget section */

/* Begin PBXProject section */
		716733212113AAFE0044F2E7 /* Project object */ = {
			isa = PBXProject;
			attributes = {
				LastSwiftUpdateCheck = 0940;
				LastUpgradeCheck = 0940;
				ORGANIZATIONNAME = "Ileri Onawoga";
				TargetAttributes = {
					716733282113AAFF0044F2E7 = {
						CreatedOnToolsVersion = 9.4.1;
					};
					7167333C2113AB260044F2E7 = {
						CreatedOnToolsVersion = 9.4.1;
						TestTargetID = 716733282113AAFF0044F2E7;
					};
					716733472113AB270044F2E7 = {
						CreatedOnToolsVersion = 9.4.1;
						TestTargetID = 716733282113AAFF0044F2E7;
					};
				};
			};
			buildConfigurationList = 716733242113AAFE0044F2E7 /* Build configuration list for PBXProject "StudentLiving" */;
			compatibilityVersion = "Xcode 9.3";
			developmentRegion = en;
			hasScannedForEncodings = 0;
			knownRegions = (
				en,
				Base,
			);
			mainGroup = 716733202113AAFE0044F2E7;
			productRefGroup = 7167332A2113AAFF0044F2E7 /* Products */;
			projectDirPath = "";
			projectRoot = "";
			targets = (
				716733282113AAFF0044F2E7 /* StudentLiving */,
				7167333C2113AB260044F2E7 /* StudentLivingTests */,
				716733472113AB270044F2E7 /* StudentLivingUITests */,
			);
		};
/* End PBXProject section */

/* Begin PBXResourcesBuildPhase section */
		716733272113AAFF0044F2E7 /* Resources */ = {
			isa = PBXResourcesBuildPhase;
			buildActionMask = 2147483647;
			files = (
				716733372113AB250044F2E7 /* LaunchScreen.storyboard in Resources */,
				716733342113AB250044F2E7 /* Assets.xcassets in Resources */,
				716733322113AB000044F2E7 /* Main.storyboard in Resources */,
				71F9E419211CCD08008CD734 /* GoogleService-Info.plist in Resources */,
			);
			runOnlyForDeploymentPostprocessing = 0;
		};
		7167333B2113AB260044F2E7 /* Resources */ = {
			isa = PBXResourcesBuildPhase;
			buildActionMask = 2147483647;
			files = (
			);
			runOnlyForDeploymentPostprocessing = 0;
		};
		716733462113AB270044F2E7 /* Resources */ = {
			isa = PBXResourcesBuildPhase;
			buildActionMask = 2147483647;
			files = (
			);
			runOnlyForDeploymentPostprocessing = 0;
		};
/* End PBXResourcesBuildPhase section */

/* Begin PBXShellScriptBuildPhase section */
		1CDF196604A3F69716311B01 /* [CP] Check Pods Manifest.lock */ = {
			isa = PBXShellScriptBuildPhase;
			buildActionMask = 2147483647;
			files = (
			);
			inputPaths = (
				"${PODS_PODFILE_DIR_PATH}/Podfile.lock",
				"${PODS_ROOT}/Manifest.lock",
			);
			name = "[CP] Check Pods Manifest.lock";
			outputPaths = (
				"$(DERIVED_FILE_DIR)/Pods-StudentLiving-checkManifestLockResult.txt",
			);
			runOnlyForDeploymentPostprocessing = 0;
			shellPath = /bin/sh;
			shellScript = "diff \"${PODS_PODFILE_DIR_PATH}/Podfile.lock\" \"${PODS_ROOT}/Manifest.lock\" > /dev/null\nif [ $? != 0 ] ; then\n    # print error to STDERR\n    echo \"error: The sandbox is not in sync with the Podfile.lock. Run 'pod install' or update your CocoaPods installation.\" >&2\n    exit 1\nfi\n# This output is used by Xcode 'outputs' to avoid re-running this script phase.\necho \"SUCCESS\" > \"${SCRIPT_OUTPUT_FILE_0}\"\n";
			showEnvVarsInLog = 0;
		};
		5AF53D2D89239E231C9B14CC /* [CP] Check Pods Manifest.lock */ = {
			isa = PBXShellScriptBuildPhase;
			buildActionMask = 2147483647;
			files = (
			);
			inputPaths = (
				"${PODS_PODFILE_DIR_PATH}/Podfile.lock",
				"${PODS_ROOT}/Manifest.lock",
			);
			name = "[CP] Check Pods Manifest.lock";
			outputPaths = (
				"$(DERIVED_FILE_DIR)/Pods-StudentLivingTests-checkManifestLockResult.txt",
			);
			runOnlyForDeploymentPostprocessing = 0;
			shellPath = /bin/sh;
			shellScript = "diff \"${PODS_PODFILE_DIR_PATH}/Podfile.lock\" \"${PODS_ROOT}/Manifest.lock\" > /dev/null\nif [ $? != 0 ] ; then\n    # print error to STDERR\n    echo \"error: The sandbox is not in sync with the Podfile.lock. Run 'pod install' or update your CocoaPods installation.\" >&2\n    exit 1\nfi\n# This output is used by Xcode 'outputs' to avoid re-running this script phase.\necho \"SUCCESS\" > \"${SCRIPT_OUTPUT_FILE_0}\"\n";
			showEnvVarsInLog = 0;
		};
		C45BF024C41F1104484C9D9F /* [CP] Check Pods Manifest.lock */ = {
			isa = PBXShellScriptBuildPhase;
			buildActionMask = 2147483647;
			files = (
			);
			inputPaths = (
				"${PODS_PODFILE_DIR_PATH}/Podfile.lock",
				"${PODS_ROOT}/Manifest.lock",
			);
			name = "[CP] Check Pods Manifest.lock";
			outputPaths = (
				"$(DERIVED_FILE_DIR)/Pods-StudentLivingUITests-checkManifestLockResult.txt",
			);
			runOnlyForDeploymentPostprocessing = 0;
			shellPath = /bin/sh;
			shellScript = "diff \"${PODS_PODFILE_DIR_PATH}/Podfile.lock\" \"${PODS_ROOT}/Manifest.lock\" > /dev/null\nif [ $? != 0 ] ; then\n    # print error to STDERR\n    echo \"error: The sandbox is not in sync with the Podfile.lock. Run 'pod install' or update your CocoaPods installation.\" >&2\n    exit 1\nfi\n# This output is used by Xcode 'outputs' to avoid re-running this script phase.\necho \"SUCCESS\" > \"${SCRIPT_OUTPUT_FILE_0}\"\n";
			showEnvVarsInLog = 0;
		};
/* End PBXShellScriptBuildPhase section */

/* Begin PBXSourcesBuildPhase section */
		716733252113AAFF0044F2E7 /* Sources */ = {
			isa = PBXSourcesBuildPhase;
			buildActionMask = 2147483647;
			files = (
				71CAB635211A47EE00D69511 /* LoginController.swift in Sources */,
				7167332F2113AB000044F2E7 /* ViewController.swift in Sources */,
				7167332D2113AB000044F2E7 /* AppDelegate.swift in Sources */,
			);
			runOnlyForDeploymentPostprocessing = 0;
		};
		716733392113AB260044F2E7 /* Sources */ = {
			isa = PBXSourcesBuildPhase;
			buildActionMask = 2147483647;
			files = (
				716733422113AB270044F2E7 /* StudentLivingTests.swift in Sources */,
			);
			runOnlyForDeploymentPostprocessing = 0;
		};
		716733442113AB270044F2E7 /* Sources */ = {
			isa = PBXSourcesBuildPhase;
			buildActionMask = 2147483647;
			files = (
				7167334D2113AB270044F2E7 /* StudentLivingUITests.swift in Sources */,
			);
			runOnlyForDeploymentPostprocessing = 0;
		};
/* End PBXSourcesBuildPhase section */

/* Begin PBXTargetDependency section */
		7167333F2113AB260044F2E7 /* PBXTargetDependency */ = {
			isa = PBXTargetDependency;
			target = 716733282113AAFF0044F2E7 /* StudentLiving */;
			targetProxy = 7167333E2113AB260044F2E7 /* PBXContainerItemProxy */;
		};
		7167334A2113AB270044F2E7 /* PBXTargetDependency */ = {
			isa = PBXTargetDependency;
			target = 716733282113AAFF0044F2E7 /* StudentLiving */;
			targetProxy = 716733492113AB270044F2E7 /* PBXContainerItemProxy */;
		};
/* End PBXTargetDependency section */

/* Begin PBXVariantGroup section */
		716733302113AB000044F2E7 /* Main.storyboard */ = {
			isa = PBXVariantGroup;
			children = (
				716733312113AB000044F2E7 /* Base */,
			);
			name = Main.storyboard;
			sourceTree = "<group>";
		};
		716733352113AB250044F2E7 /* LaunchScreen.storyboard */ = {
			isa = PBXVariantGroup;
			children = (
				716733362113AB250044F2E7 /* Base */,
			);
			name = LaunchScreen.storyboard;
			sourceTree = "<group>";
		};
/* End PBXVariantGroup section */

/* Begin XCBuildConfiguration section */
		7167334F2113AB270044F2E7 /* Debug */ = {
			isa = XCBuildConfiguration;
			buildSettings = {
				ALWAYS_SEARCH_USER_PATHS = NO;
				CLANG_ANALYZER_NONNULL = YES;
				CLANG_ANALYZER_NUMBER_OBJECT_CONVERSION = YES_AGGRESSIVE;
				CLANG_CXX_LANGUAGE_STANDARD = "gnu++14";
				CLANG_CXX_LIBRARY = "libc++";
				CLANG_ENABLE_MODULES = YES;
				CLANG_ENABLE_OBJC_ARC = YES;
				CLANG_ENABLE_OBJC_WEAK = YES;
				CLANG_WARN_BLOCK_CAPTURE_AUTORELEASING = YES;
				CLANG_WARN_BOOL_CONVERSION = YES;
				CLANG_WARN_COMMA = YES;
				CLANG_WARN_CONSTANT_CONVERSION = YES;
				CLANG_WARN_DEPRECATED_OBJC_IMPLEMENTATIONS = YES;
				CLANG_WARN_DIRECT_OBJC_ISA_USAGE = YES_ERROR;
				CLANG_WARN_DOCUMENTATION_COMMENTS = YES;
				CLANG_WARN_EMPTY_BODY = YES;
				CLANG_WARN_ENUM_CONVERSION = YES;
				CLANG_WARN_INFINITE_RECURSION = YES;
				CLANG_WARN_INT_CONVERSION = YES;
				CLANG_WARN_NON_LITERAL_NULL_CONVERSION = YES;
				CLANG_WARN_OBJC_IMPLICIT_RETAIN_SELF = YES;
				CLANG_WARN_OBJC_LITERAL_CONVERSION = YES;
				CLANG_WARN_OBJC_ROOT_CLASS = YES_ERROR;
				CLANG_WARN_RANGE_LOOP_ANALYSIS = YES;
				CLANG_WARN_STRICT_PROTOTYPES = YES;
				CLANG_WARN_SUSPICIOUS_MOVE = YES;
				CLANG_WARN_UNGUARDED_AVAILABILITY = YES_AGGRESSIVE;
				CLANG_WARN_UNREACHABLE_CODE = YES;
				CLANG_WARN__DUPLICATE_METHOD_MATCH = YES;
				CODE_SIGN_IDENTITY = "iPhone Developer";
				COPY_PHASE_STRIP = NO;
				DEBUG_INFORMATION_FORMAT = dwarf;
				ENABLE_STRICT_OBJC_MSGSEND = YES;
				ENABLE_TESTABILITY = YES;
				GCC_C_LANGUAGE_STANDARD = gnu11;
				GCC_DYNAMIC_NO_PIC = NO;
				GCC_NO_COMMON_BLOCKS = YES;
				GCC_OPTIMIZATION_LEVEL = 0;
				GCC_PREPROCESSOR_DEFINITIONS = (
					"DEBUG=1",
					"$(inherited)",
				);
				GCC_WARN_64_TO_32_BIT_CONVERSION = YES;
				GCC_WARN_ABOUT_RETURN_TYPE = YES_ERROR;
				GCC_WARN_UNDECLARED_SELECTOR = YES;
				GCC_WARN_UNINITIALIZED_AUTOS = YES_AGGRESSIVE;
				GCC_WARN_UNUSED_FUNCTION = YES;
				GCC_WARN_UNUSED_VARIABLE = YES;
				IPHONEOS_DEPLOYMENT_TARGET = 11.4;
				MTL_ENABLE_DEBUG_INFO = YES;
				ONLY_ACTIVE_ARCH = YES;
				SDKROOT = iphoneos;
				SWIFT_ACTIVE_COMPILATION_CONDITIONS = DEBUG;
				SWIFT_OPTIMIZATION_LEVEL = "-Onone";
			};
			name = Debug;
		};
		716733502113AB270044F2E7 /* Release */ = {
			isa = XCBuildConfiguration;
			buildSettings = {
				ALWAYS_SEARCH_USER_PATHS = NO;
				CLANG_ANALYZER_NONNULL = YES;
				CLANG_ANALYZER_NUMBER_OBJECT_CONVERSION = YES_AGGRESSIVE;
				CLANG_CXX_LANGUAGE_STANDARD = "gnu++14";
				CLANG_CXX_LIBRARY = "libc++";
				CLANG_ENABLE_MODULES = YES;
				CLANG_ENABLE_OBJC_ARC = YES;
				CLANG_ENABLE_OBJC_WEAK = YES;
				CLANG_WARN_BLOCK_CAPTURE_AUTORELEASING = YES;
				CLANG_WARN_BOOL_CONVERSION = YES;
				CLANG_WARN_COMMA = YES;
				CLANG_WARN_CONSTANT_CONVERSION = YES;
				CLANG_WARN_DEPRECATED_OBJC_IMPLEMENTATIONS = YES;
				CLANG_WARN_DIRECT_OBJC_ISA_USAGE = YES_ERROR;
				CLANG_WARN_DOCUMENTATION_COMMENTS = YES;
				CLANG_WARN_EMPTY_BODY = YES;
				CLANG_WARN_ENUM_CONVERSION = YES;
				CLANG_WARN_INFINITE_RECURSION = YES;
				CLANG_WARN_INT_CONVERSION = YES;
				CLANG_WARN_NON_LITERAL_NULL_CONVERSION = YES;
				CLANG_WARN_OBJC_IMPLICIT_RETAIN_SELF = YES;
				CLANG_WARN_OBJC_LITERAL_CONVERSION = YES;
				CLANG_WARN_OBJC_ROOT_CLASS = YES_ERROR;
				CLANG_WARN_RANGE_LOOP_ANALYSIS = YES;
				CLANG_WARN_STRICT_PROTOTYPES = YES;
				CLANG_WARN_SUSPICIOUS_MOVE = YES;
				CLANG_WARN_UNGUARDED_AVAILABILITY = YES_AGGRESSIVE;
				CLANG_WARN_UNREACHABLE_CODE = YES;
				CLANG_WARN__DUPLICATE_METHOD_MATCH = YES;
				CODE_SIGN_IDENTITY = "iPhone Developer";
				COPY_PHASE_STRIP = NO;
				DEBUG_INFORMATION_FORMAT = "dwarf-with-dsym";
				ENABLE_NS_ASSERTIONS = NO;
				ENABLE_STRICT_OBJC_MSGSEND = YES;
				GCC_C_LANGUAGE_STANDARD = gnu11;
				GCC_NO_COMMON_BLOCKS = YES;
				GCC_WARN_64_TO_32_BIT_CONVERSION = YES;
				GCC_WARN_ABOUT_RETURN_TYPE = YES_ERROR;
				GCC_WARN_UNDECLARED_SELECTOR = YES;
				GCC_WARN_UNINITIALIZED_AUTOS = YES_AGGRESSIVE;
				GCC_WARN_UNUSED_FUNCTION = YES;
				GCC_WARN_UNUSED_VARIABLE = YES;
				IPHONEOS_DEPLOYMENT_TARGET = 11.4;
				MTL_ENABLE_DEBUG_INFO = NO;
				SDKROOT = iphoneos;
				SWIFT_COMPILATION_MODE = wholemodule;
				SWIFT_OPTIMIZATION_LEVEL = "-O";
				VALIDATE_PRODUCT = YES;
			};
			name = Release;
		};
		716733522113AB270044F2E7 /* Debug */ = {
			isa = XCBuildConfiguration;
			baseConfigurationReference = BA1757BBC22026C4E6297B9C /* Pods-StudentLiving.debug.xcconfig */;
			buildSettings = {
				ASSETCATALOG_COMPILER_APPICON_NAME = AppIcon;
				CODE_SIGN_STYLE = Automatic;
				DEVELOPMENT_TEAM = "";
				INFOPLIST_FILE = StudentLiving/Info.plist;
				LD_RUNPATH_SEARCH_PATHS = (
					"$(inherited)",
					"@executable_path/Frameworks",
				);
				PRODUCT_BUNDLE_IDENTIFIER = "Ileri-Onawoga.StudentLiving";
				PRODUCT_NAME = "$(TARGET_NAME)";
				SWIFT_VERSION = 4.0;
				TARGETED_DEVICE_FAMILY = "1,2";
			};
			name = Debug;
		};
		716733532113AB270044F2E7 /* Release */ = {
			isa = XCBuildConfiguration;
			baseConfigurationReference = 73A8441056AE50ADDE31BCB5 /* Pods-StudentLiving.release.xcconfig */;
			buildSettings = {
				ASSETCATALOG_COMPILER_APPICON_NAME = AppIcon;
				CODE_SIGN_STYLE = Automatic;
				DEVELOPMENT_TEAM = "";
				INFOPLIST_FILE = StudentLiving/Info.plist;
				LD_RUNPATH_SEARCH_PATHS = (
					"$(inherited)",
					"@executable_path/Frameworks",
				);
				PRODUCT_BUNDLE_IDENTIFIER = "Ileri-Onawoga.StudentLiving";
				PRODUCT_NAME = "$(TARGET_NAME)";
				SWIFT_VERSION = 4.0;
				TARGETED_DEVICE_FAMILY = "1,2";
			};
			name = Release;
		};
		716733552113AB270044F2E7 /* Debug */ = {
			isa = XCBuildConfiguration;
			baseConfigurationReference = FE901E34196EB0420FA08852 /* Pods-StudentLivingTests.debug.xcconfig */;
			buildSettings = {
				ALWAYS_EMBED_SWIFT_STANDARD_LIBRARIES = YES;
				BUNDLE_LOADER = "$(TEST_HOST)";
				CODE_SIGN_STYLE = Automatic;
				DEVELOPMENT_TEAM = MQ34J7V37M;
				INFOPLIST_FILE = StudentLivingTests/Info.plist;
				LD_RUNPATH_SEARCH_PATHS = (
					"$(inherited)",
					"@executable_path/Frameworks",
					"@loader_path/Frameworks",
				);
				PRODUCT_BUNDLE_IDENTIFIER = "Ileri-Onawoga.StudentLivingTests";
				PRODUCT_NAME = "$(TARGET_NAME)";
				SWIFT_VERSION = 4.0;
				TARGETED_DEVICE_FAMILY = "1,2";
				TEST_HOST = "$(BUILT_PRODUCTS_DIR)/StudentLiving.app/StudentLiving";
			};
			name = Debug;
		};
		716733562113AB270044F2E7 /* Release */ = {
			isa = XCBuildConfiguration;
			baseConfigurationReference = B43C1A578BEBF78AD5D0A5B7 /* Pods-StudentLivingTests.release.xcconfig */;
			buildSettings = {
				ALWAYS_EMBED_SWIFT_STANDARD_LIBRARIES = YES;
				BUNDLE_LOADER = "$(TEST_HOST)";
				CODE_SIGN_STYLE = Automatic;
				DEVELOPMENT_TEAM = MQ34J7V37M;
				INFOPLIST_FILE = StudentLivingTests/Info.plist;
				LD_RUNPATH_SEARCH_PATHS = (
					"$(inherited)",
					"@executable_path/Frameworks",
					"@loader_path/Frameworks",
				);
				PRODUCT_BUNDLE_IDENTIFIER = "Ileri-Onawoga.StudentLivingTests";
				PRODUCT_NAME = "$(TARGET_NAME)";
				SWIFT_VERSION = 4.0;
				TARGETED_DEVICE_FAMILY = "1,2";
				TEST_HOST = "$(BUILT_PRODUCTS_DIR)/StudentLiving.app/StudentLiving";
			};
			name = Release;
		};
		716733582113AB270044F2E7 /* Debug */ = {
			isa = XCBuildConfiguration;
			baseConfigurationReference = BCAF52816A2AD3568F0AAB02 /* Pods-StudentLivingUITests.debug.xcconfig */;
			buildSettings = {
				ALWAYS_EMBED_SWIFT_STANDARD_LIBRARIES = YES;
				CODE_SIGN_STYLE = Automatic;
				DEVELOPMENT_TEAM = MQ34J7V37M;
				INFOPLIST_FILE = StudentLivingUITests/Info.plist;
				LD_RUNPATH_SEARCH_PATHS = (
					"$(inherited)",
					"@executable_path/Frameworks",
					"@loader_path/Frameworks",
				);
				PRODUCT_BUNDLE_IDENTIFIER = "Ileri-Onawoga.StudentLivingUITests";
				PRODUCT_NAME = "$(TARGET_NAME)";
				SWIFT_VERSION = 4.0;
				TARGETED_DEVICE_FAMILY = "1,2";
				TEST_TARGET_NAME = StudentLiving;
			};
			name = Debug;
		};
		716733592113AB270044F2E7 /* Release */ = {
			isa = XCBuildConfiguration;
			baseConfigurationReference = 35B2D422DF55729D7A6AE693 /* Pods-StudentLivingUITests.release.xcconfig */;
			buildSettings = {
				ALWAYS_EMBED_SWIFT_STANDARD_LIBRARIES = YES;
				CODE_SIGN_STYLE = Automatic;
				DEVELOPMENT_TEAM = MQ34J7V37M;
				INFOPLIST_FILE = StudentLivingUITests/Info.plist;
				LD_RUNPATH_SEARCH_PATHS = (
					"$(inherited)",
					"@executable_path/Frameworks",
					"@loader_path/Frameworks",
				);
				PRODUCT_BUNDLE_IDENTIFIER = "Ileri-Onawoga.StudentLivingUITests";
				PRODUCT_NAME = "$(TARGET_NAME)";
				SWIFT_VERSION = 4.0;
				TARGETED_DEVICE_FAMILY = "1,2";
				TEST_TARGET_NAME = StudentLiving;
			};
			name = Release;
		};
/* End XCBuildConfiguration section */

/* Begin XCConfigurationList section */
		716733242113AAFE0044F2E7 /* Build configuration list for PBXProject "StudentLiving" */ = {
			isa = XCConfigurationList;
			buildConfigurations = (
				7167334F2113AB270044F2E7 /* Debug */,
				716733502113AB270044F2E7 /* Release */,
			);
			defaultConfigurationIsVisible = 0;
			defaultConfigurationName = Release;
		};
		716733512113AB270044F2E7 /* Build configuration list for PBXNativeTarget "StudentLiving" */ = {
			isa = XCConfigurationList;
			buildConfigurations = (
				716733522113AB270044F2E7 /* Debug */,
				716733532113AB270044F2E7 /* Release */,
			);
			defaultConfigurationIsVisible = 0;
			defaultConfigurationName = Release;
		};
		716733542113AB270044F2E7 /* Build configuration list for PBXNativeTarget "StudentLivingTests" */ = {
			isa = XCConfigurationList;
			buildConfigurations = (
				716733552113AB270044F2E7 /* Debug */,
				716733562113AB270044F2E7 /* Release */,
			);
			defaultConfigurationIsVisible = 0;
			defaultConfigurationName = Release;
		};
		716733572113AB270044F2E7 /* Build configuration list for PBXNativeTarget "StudentLivingUITests" */ = {
			isa = XCConfigurationList;
			buildConfigurations = (
				716733582113AB270044F2E7 /* Debug */,
				716733592113AB270044F2E7 /* Release */,
			);
			defaultConfigurationIsVisible = 0;
			defaultConfigurationName = Release;
		};
/* End XCConfigurationList section */
	};
	rootObject = 716733212113AAFE0044F2E7 /* Project object */;
}
